PODS:
  - Alamofire (4.6.0)
  - OAuthSwift (1.1.2)
  - OAuthSwiftAlamofire (0.1.0):
    - Alamofire
    - OAuthSwift

DEPENDENCIES:
  - Alamofire (~> 4.4)
  - OAuthSwift (~> 1.1.0)
  - OAuthSwiftAlamofire

SPEC CHECKSUMS:
  Alamofire: f41a599bd63041760b26d393ec1069d9d7b917f4
  OAuthSwift: 5aa5659984d3ca3206ba636a9e7a9c6626b2e8bd
  OAuthSwiftAlamofire: 20bb998ac506f82c3bab0625fbc98a9c6fca783f

PODFILE CHECKSUM: 083abab43c6d18a422ed96061acf995ae4c434f6

COCOAPODS: 1.4.0
