// !$*UTF8*$!
{
	archiveVersion = 1;
	classes = {
	};
	objectVersion = 48;
	objects = {

/* Begin PBXBuildFile section */
		71659A382022FBD000F14D61 /* AppDelegate.swift in Sources */ = {isa = PBXBuildFile; fileRef = 71659A372022FBD000F14D61 /* AppDelegate.swift */; };
		71659A3A2022FBD000F14D61 /* ViewController.swift in Sources */ = {isa = PBXBuildFile; fileRef = 71659A392022FBD000F14D61 /* ViewController.swift */; };
		71659A3D2022FBD000F14D61 /* Main.storyboard in Resources */ = {isa = PBXBuildFile; fileRef = 71659A3B2022FBD000F14D61 /* Main.storyboard */; };
		71659A3F2022FBD000F14D61 /* Assets.xcassets in Resources */ = {isa = PBXBuildFile; fileRef = 71659A3E2022FBD000F14D61 /* Assets.xcassets */; };
		71659A422022FBD000F14D61 /* LaunchScreen.storyboard in Resources */ = {isa = PBXBuildFile; fileRef = 71659A402022FBD000F14D61 /* LaunchScreen.storyboard */; };
		71659A4D2022FBD100F14D61 /* codepath_lab01Tests.swift in Sources */ = {isa = PBXBuildFile; fileRef = 71659A4C2022FBD100F14D61 /* codepath_lab01Tests.swift */; };
		71659A582022FBD100F14D61 /* codepath_lab01UITests.swift in Sources */ = {isa = PBXBuildFile; fileRef = 71659A572022FBD100F14D61 /* codepath_lab01UITests.swift */; };
		84D3F7307EC44946CF7688B3 /* Pods_codepath_lab01Tests.framework in Frameworks */ = {isa = PBXBuildFile; fileRef = 77535D370DD8B7B3046898E4 /* Pods_codepath_lab01Tests.framework */; };
		95AA40C84850BF7081CEDDD4 /* Pods_codepath_lab01.framework in Frameworks */ = {isa = PBXBuildFile; fileRef = AB1CD3068F532BA0EEFDAA73 /* Pods_codepath_lab01.framework */; };
		97EEF170C3C50F51BB2AFF24 /* Pods_codepath_lab01UITests.framework in Frameworks */ = {isa = PBXBuildFile; fileRef = 5119D9DC364F986A7262008C /* Pods_codepath_lab01UITests.framework */; };
/* End PBXBuildFile section */

/* Begin PBXContainerItemProxy section */
		71659A492022FBD100F14D61 /* PBXContainerItemProxy */ = {
			isa = PBXContainerItemProxy;
			containerPortal = 71659A2C2022FBD000F14D61 /* Project object */;
			proxyType = 1;
			remoteGlobalIDString = 71659A332022FBD000F14D61;
			remoteInfo = codepath_lab01;
		};
		71659A542022FBD100F14D61 /* PBXContainerItemProxy */ = {
			isa = PBXContainerItemProxy;
			containerPortal = 71659A2C2022FBD000F14D61 /* Project object */;
			proxyType = 1;
			remoteGlobalIDString = 71659A332022FBD000F14D61;
			remoteInfo = codepath_lab01;
		};
/* End PBXContainerItemProxy section */

/* Begin PBXFileReference section */
		30C1BD7B8ED9DC31A34A4730 /* Pods-codepath_lab01Tests.release.xcconfig */ = {isa = PBXFileReference; includeInIndex = 1; lastKnownFileType = text.xcconfig; name = "Pods-codepath_lab01Tests.release.xcconfig"; path = "Pods/Target Support Files/Pods-codepath_lab01Tests/Pods-codepath_lab01Tests.release.xcconfig"; sourceTree = "<group>"; };
		5119D9DC364F986A7262008C /* Pods_codepath_lab01UITests.framework */ = {isa = PBXFileReference; explicitFileType = wrapper.framework; includeInIndex = 0; path = Pods_codepath_lab01UITests.framework; sourceTree = BUILT_PRODUCTS_DIR; };
		539F1DF7AD4A15740F1C2446 /* Pods-codepath_lab01Tests.debug.xcconfig */ = {isa = PBXFileReference; includeInIndex = 1; lastKnownFileType = text.xcconfig; name = "Pods-codepath_lab01Tests.debug.xcconfig"; path = "Pods/Target Support Files/Pods-codepath_lab01Tests/Pods-codepath_lab01Tests.debug.xcconfig"; sourceTree = "<group>"; };
		5EBEFF8B91C9ACD2AA99B6EF /* Pods-codepath_lab01UITests.debug.xcconfig */ = {isa = PBXFileReference; includeInIndex = 1; lastKnownFileType = text.xcconfig; name = "Pods-codepath_lab01UITests.debug.xcconfig"; path = "Pods/Target Support Files/Pods-codepath_lab01UITests/Pods-codepath_lab01UITests.debug.xcconfig"; sourceTree = "<group>"; };
		71659A342022FBD000F14D61 /* codepath_lab01.app */ = {isa = PBXFileReference; explicitFileType = wrapper.application; includeInIndex = 0; path = codepath_lab01.app; sourceTree = BUILT_PRODUCTS_DIR; };
		71659A372022FBD000F14D61 /* AppDelegate.swift */ = {isa = PBXFileReference; lastKnownFileType = sourcecode.swift; path = AppDelegate.swift; sourceTree = "<group>"; };
		71659A392022FBD000F14D61 /* ViewController.swift */ = {isa = PBXFileReference; lastKnownFileType = sourcecode.swift; path = ViewController.swift; sourceTree = "<group>"; };
		71659A3C2022FBD000F14D61 /* Base */ = {isa = PBXFileReference; lastKnownFileType = file.storyboard; name = Base; path = Base.lproj/Main.storyboard; sourceTree = "<group>"; };
		71659A3E2022FBD000F14D61 /* Assets.xcassets */ = {isa = PBXFileReference; lastKnownFileType = folder.assetcatalog; path = Assets.xcassets; sourceTree = "<group>"; };
		71659A412022FBD000F14D61 /* Base */ = {isa = PBXFileReference; lastKnownFileType = file.storyboard; name = Base; path = Base.lproj/LaunchScreen.storyboard; sourceTree = "<group>"; };
		71659A432022FBD000F14D61 /* Info.plist */ = {isa = PBXFileReference; lastKnownFileType = text.plist.xml; path = Info.plist; sourceTree = "<group>"; };
		71659A482022FBD100F14D61 /* codepath_lab01Tests.xctest */ = {isa = PBXFileReference; explicitFileType = wrapper.cfbundle; includeInIndex = 0; path = codepath_lab01Tests.xctest; sourceTree = BUILT_PRODUCTS_DIR; };
		71659A4C2022FBD100F14D61 /* codepath_lab01Tests.swift */ = {isa = PBXFileReference; lastKnownFileType = sourcecode.swift; path = codepath_lab01Tests.swift; sourceTree = "<group>"; };
		71659A4E2022FBD100F14D61 /* Info.plist */ = {isa = PBXFileReference; lastKnownFileType = text.plist.xml; path = Info.plist; sourceTree = "<group>"; };
		71659A532022FBD100F14D61 /* codepath_lab01UITests.xctest */ = {isa = PBXFileReference; explicitFileType = wrapper.cfbundle; includeInIndex = 0; path = codepath_lab01UITests.xctest; sourceTree = BUILT_PRODUCTS_DIR; };
		71659A572022FBD100F14D61 /* codepath_lab01UITests.swift */ = {isa = PBXFileReference; lastKnownFileType = sourcecode.swift; path = codepath_lab01UITests.swift; sourceTree = "<group>"; };
		71659A592022FBD100F14D61 /* Info.plist */ = {isa = PBXFileReference; lastKnownFileType = text.plist.xml; path = Info.plist; sourceTree = "<group>"; };
		77535D370DD8B7B3046898E4 /* Pods_codepath_lab01Tests.framework */ = {isa = PBXFileReference; explicitFileType = wrapper.framework; includeInIndex = 0; path = Pods_codepath_lab01Tests.framework; sourceTree = BUILT_PRODUCTS_DIR; };
		7E936B77B96BF78D59DFFEA9 /* Pods-codepath_lab01.release.xcconfig */ = {isa = PBXFileReference; includeInIndex = 1; lastKnownFileType = text.xcconfig; name = "Pods-codepath_lab01.release.xcconfig"; path = "Pods/Target Support Files/Pods-codepath_lab01/Pods-codepath_lab01.release.xcconfig"; sourceTree = "<group>"; };
		9BA7CC1ACDE925F0810B56A9 /* Pods-codepath_lab01.debug.xcconfig */ = {isa = PBXFileReference; includeInIndex = 1; lastKnownFileType = text.xcconfig; name = "Pods-codepath_lab01.debug.xcconfig"; path = "Pods/Target Support Files/Pods-codepath_lab01/Pods-codepath_lab01.debug.xcconfig"; sourceTree = "<group>"; };
		AB1CD3068F532BA0EEFDAA73 /* Pods_codepath_lab01.framework */ = {isa = PBXFileReference; explicitFileType = wrapper.framework; includeInIndex = 0; path = Pods_codepath_lab01.framework; sourceTree = BUILT_PRODUCTS_DIR; };
		F07DF594DED063A6A5607DA2 /* Pods-codepath_lab01UITests.release.xcconfig */ = {isa = PBXFileReference; includeInIndex = 1; lastKnownFileType = text.xcconfig; name = "Pods-codepath_lab01UITests.release.xcconfig"; path = "Pods/Target Support Files/Pods-codepath_lab01UITests/Pods-codepath_lab01UITests.release.xcconfig"; sourceTree = "<group>"; };
/* End PBXFileReference section */

/* Begin PBXFrameworksBuildPhase section */
		71659A312022FBD000F14D61 /* Frameworks */ = {
			isa = PBXFrameworksBuildPhase;
			buildActionMask = 2147483647;
			files = (
				95AA40C84850BF7081CEDDD4 /* Pods_codepath_lab01.framework in Frameworks */,
			);
			runOnlyForDeploymentPostprocessing = 0;
		};
		71659A452022FBD100F14D61 /* Frameworks */ = {
			isa = PBXFrameworksBuildPhase;
			buildActionMask = 2147483647;
			files = (
				84D3F7307EC44946CF7688B3 /* Pods_codepath_lab01Tests.framework in Frameworks */,
			);
			runOnlyForDeploymentPostprocessing = 0;
		};
		71659A502022FBD100F14D61 /* Frameworks */ = {
			isa = PBXFrameworksBuildPhase;
			buildActionMask = 2147483647;
			files = (
				97EEF170C3C50F51BB2AFF24 /* Pods_codepath_lab01UITests.framework in Frameworks */,
			);
			runOnlyForDeploymentPostprocessing = 0;
		};
/* End PBXFrameworksBuildPhase section */

/* Begin PBXGroup section */
		71659A2B2022FBD000F14D61 = {
			isa = PBXGroup;
			children = (
				71659A362022FBD000F14D61 /* codepath_lab01 */,
				71659A4B2022FBD100F14D61 /* codepath_lab01Tests */,
				71659A562022FBD100F14D61 /* codepath_lab01UITests */,
				71659A352022FBD000F14D61 /* Products */,
				AC497200BE885F1992D38431 /* Pods */,
				A789DB17E0340B56562ACD9A /* Frameworks */,
			);
			sourceTree = "<group>";
		};
		71659A352022FBD000F14D61 /* Products */ = {
			isa = PBXGroup;
			children = (
				71659A342022FBD000F14D61 /* codepath_lab01.app */,
				71659A482022FBD100F14D61 /* codepath_lab01Tests.xctest */,
				71659A532022FBD100F14D61 /* codepath_lab01UITests.xctest */,
			);
			name = Products;
			sourceTree = "<group>";
		};
		71659A362022FBD000F14D61 /* codepath_lab01 */ = {
			isa = PBXGroup;
			children = (
				71659A372022FBD000F14D61 /* AppDelegate.swift */,
				71659A392022FBD000F14D61 /* ViewController.swift */,
				71659A3B2022FBD000F14D61 /* Main.storyboard */,
				71659A3E2022FBD000F14D61 /* Assets.xcassets */,
				71659A402022FBD000F14D61 /* LaunchScreen.storyboard */,
				71659A432022FBD000F14D61 /* Info.plist */,
			);
			path = codepath_lab01;
			sourceTree = "<group>";
		};
		71659A4B2022FBD100F14D61 /* codepath_lab01Tests */ = {
			isa = PBXGroup;
			children = (
				71659A4C2022FBD100F14D61 /* codepath_lab01Tests.swift */,
				71659A4E2022FBD100F14D61 /* Info.plist */,
			);
			path = codepath_lab01Tests;
			sourceTree = "<group>";
		};
		71659A562022FBD100F14D61 /* codepath_lab01UITests */ = {
			isa = PBXGroup;
			children = (
				71659A572022FBD100F14D61 /* codepath_lab01UITests.swift */,
				71659A592022FBD100F14D61 /* Info.plist */,
			);
			path = codepath_lab01UITests;
			sourceTree = "<group>";
		};
		A789DB17E0340B56562ACD9A /* Frameworks */ = {
			isa = PBXGroup;
			children = (
				AB1CD3068F532BA0EEFDAA73 /* Pods_codepath_lab01.framework */,
				77535D370DD8B7B3046898E4 /* Pods_codepath_lab01Tests.framework */,
				5119D9DC364F986A7262008C /* Pods_codepath_lab01UITests.framework */,
			);
			name = Frameworks;
			sourceTree = "<group>";
		};
		AC497200BE885F1992D38431 /* Pods */ = {
			isa = PBXGroup;
			children = (
				9BA7CC1ACDE925F0810B56A9 /* Pods-codepath_lab01.debug.xcconfig */,
				7E936B77B96BF78D59DFFEA9 /* Pods-codepath_lab01.release.xcconfig */,
				539F1DF7AD4A15740F1C2446 /* Pods-codepath_lab01Tests.debug.xcconfig */,
				30C1BD7B8ED9DC31A34A4730 /* Pods-codepath_lab01Tests.release.xcconfig */,
				5EBEFF8B91C9ACD2AA99B6EF /* Pods-codepath_lab01UITests.debug.xcconfig */,
				F07DF594DED063A6A5607DA2 /* Pods-codepath_lab01UITests.release.xcconfig */,
			);
			name = Pods;
			sourceTree = "<group>";
		};
/* End PBXGroup section */

/* Begin PBXNativeTarget section */
		71659A332022FBD000F14D61 /* codepath_lab01 */ = {
			isa = PBXNativeTarget;
			buildConfigurationList = 71659A5C2022FBD100F14D61 /* Build configuration list for PBXNativeTarget "codepath_lab01" */;
			buildPhases = (
				372A805F5A0BA94EE471C309 /* [CP] Check Pods Manifest.lock */,
				71659A302022FBD000F14D61 /* Sources */,
				71659A312022FBD000F14D61 /* Frameworks */,
				71659A322022FBD000F14D61 /* Resources */,
				85DCC2E18DC480E15EF4BFB0 /* [CP] Embed Pods Frameworks */,
				9213554B96ABA9E01CCF8D4F /* [CP] Copy Pods Resources */,
			);
			buildRules = (
			);
			dependencies = (
			);
			name = codepath_lab01;
			productName = codepath_lab01;
			productReference = 71659A342022FBD000F14D61 /* codepath_lab01.app */;
			productType = "com.apple.product-type.application";
		};
		71659A472022FBD100F14D61 /* codepath_lab01Tests */ = {
			isa = PBXNativeTarget;
			buildConfigurationList = 71659A5F2022FBD100F14D61 /* Build configuration list for PBXNativeTarget "codepath_lab01Tests" */;
			buildPhases = (
				729432C9AAF09FC7F7B1EDFB /* [CP] Check Pods Manifest.lock */,
				71659A442022FBD100F14D61 /* Sources */,
				71659A452022FBD100F14D61 /* Frameworks */,
				71659A462022FBD100F14D61 /* Resources */,
				D375133642AD70879F480523 /* [CP] Embed Pods Frameworks */,
				8BE1DE8941FA9F8617177363 /* [CP] Copy Pods Resources */,
			);
			buildRules = (
			);
			dependencies = (
				71659A4A2022FBD100F14D61 /* PBXTargetDependency */,
			);
			name = codepath_lab01Tests;
			productName = codepath_lab01Tests;
			productReference = 71659A482022FBD100F14D61 /* codepath_lab01Tests.xctest */;
			productType = "com.apple.product-type.bundle.unit-test";
		};
		71659A522022FBD100F14D61 /* codepath_lab01UITests */ = {
			isa = PBXNativeTarget;
			buildConfigurationList = 71659A622022FBD100F14D61 /* Build configuration list for PBXNativeTarget "codepath_lab01UITests" */;
			buildPhases = (
				96768BA1E1B6BBF63754208C /* [CP] Check Pods Manifest.lock */,
				71659A4F2022FBD100F14D61 /* Sources */,
				71659A502022FBD100F14D61 /* Frameworks */,
				71659A512022FBD100F14D61 /* Resources */,
				B9DB89EC659DE935AD065E8E /* [CP] Embed Pods Frameworks */,
				BC66B6FE8A1E853C03E597D3 /* [CP] Copy Pods Resources */,
			);
			buildRules = (
			);
			dependencies = (
				71659A552022FBD100F14D61 /* PBXTargetDependency */,
			);
			name = codepath_lab01UITests;
			productName = codepath_lab01UITests;
			productReference = 71659A532022FBD100F14D61 /* codepath_lab01UITests.xctest */;
			productType = "com.apple.product-type.bundle.ui-testing";
		};
/* End PBXNativeTarget section */

/* Begin PBXProject section */
		71659A2C2022FBD000F14D61 /* Project object */ = {
			isa = PBXProject;
			attributes = {
				LastSwiftUpdateCheck = 0900;
				LastUpgradeCheck = 0900;
				ORGANIZATIONNAME = "Zheng Hao";
				TargetAttributes = {
					71659A332022FBD000F14D61 = {
						CreatedOnToolsVersion = 9.0.1;
						ProvisioningStyle = Automatic;
					};
					71659A472022FBD100F14D61 = {
						CreatedOnToolsVersion = 9.0.1;
						ProvisioningStyle = Automatic;
						TestTargetID = 71659A332022FBD000F14D61;
					};
					71659A522022FBD100F14D61 = {
						CreatedOnToolsVersion = 9.0.1;
						ProvisioningStyle = Automatic;
						TestTargetID = 71659A332022FBD000F14D61;
					};
				};
			};
			buildConfigurationList = 71659A2F2022FBD000F14D61 /* Build configuration list for PBXProject "codepath_lab01" */;
			compatibilityVersion = "Xcode 8.0";
			developmentRegion = en;
			hasScannedForEncodings = 0;
			knownRegions = (
				en,
				Base,
			);
			mainGroup = 71659A2B2022FBD000F14D61;
			productRefGroup = 71659A352022FBD000F14D61 /* Products */;
			projectDirPath = "";
			projectRoot = "";
			targets = (
				71659A332022FBD000F14D61 /* codepath_lab01 */,
				71659A472022FBD100F14D61 /* codepath_lab01Tests */,
				71659A522022FBD100F14D61 /* codepath_lab01UITests */,
			);
		};
/* End PBXProject section */

/* Begin PBXResourcesBuildPhase section */
		71659A322022FBD000F14D61 /* Resources */ = {
			isa = PBXResourcesBuildPhase;
			buildActionMask = 2147483647;
			files = (
				71659A422022FBD000F14D61 /* LaunchScreen.storyboard in Resources */,
				71659A3F2022FBD000F14D61 /* Assets.xcassets in Resources */,
				71659A3D2022FBD000F14D61 /* Main.storyboard in Resources */,
			);
			runOnlyForDeploymentPostprocessing = 0;
		};
		71659A462022FBD100F14D61 /* Resources */ = {
			isa = PBXResourcesBuildPhase;
			buildActionMask = 2147483647;
			files = (
			);
			runOnlyForDeploymentPostprocessing = 0;
		};
		71659A512022FBD100F14D61 /* Resources */ = {
			isa = PBXResourcesBuildPhase;
			buildActionMask = 2147483647;
			files = (
			);
			runOnlyForDeploymentPostprocessing = 0;
		};
/* End PBXResourcesBuildPhase section */

/* Begin PBXShellScriptBuildPhase section */
		372A805F5A0BA94EE471C309 /* [CP] Check Pods Manifest.lock */ = {
			isa = PBXShellScriptBuildPhase;
			buildActionMask = 2147483647;
			files = (
			);
			inputPaths = (
				"${PODS_PODFILE_DIR_PATH}/Podfile.lock",
				"${PODS_ROOT}/Manifest.lock",
			);
			name = "[CP] Check Pods Manifest.lock";
			outputPaths = (
				"$(DERIVED_FILE_DIR)/Pods-codepath_lab01-checkManifestLockResult.txt",
			);
			runOnlyForDeploymentPostprocessing = 0;
			shellPath = /bin/sh;
			shellScript = "diff \"${PODS_PODFILE_DIR_PATH}/Podfile.lock\" \"${PODS_ROOT}/Manifest.lock\" > /dev/null\nif [ $? != 0 ] ; then\n    # print error to STDERR\n    echo \"error: The sandbox is not in sync with the Podfile.lock. Run 'pod install' or update your CocoaPods installation.\" >&2\n    exit 1\nfi\n# This output is used by Xcode 'outputs' to avoid re-running this script phase.\necho \"SUCCESS\" > \"${SCRIPT_OUTPUT_FILE_0}\"\n";
			showEnvVarsInLog = 0;
		};
		729432C9AAF09FC7F7B1EDFB /* [CP] Check Pods Manifest.lock */ = {
			isa = PBXShellScriptBuildPhase;
			buildActionMask = 2147483647;
			files = (
			);
			inputPaths = (
				"${PODS_PODFILE_DIR_PATH}/Podfile.lock",
				"${PODS_ROOT}/Manifest.lock",
			);
			name = "[CP] Check Pods Manifest.lock";
			outputPaths = (
				"$(DERIVED_FILE_DIR)/Pods-codepath_lab01Tests-checkManifestLockResult.txt",
			);
			runOnlyForDeploymentPostprocessing = 0;
			shellPath = /bin/sh;
			shellScript = "diff \"${PODS_PODFILE_DIR_PATH}/Podfile.lock\" \"${PODS_ROOT}/Manifest.lock\" > /dev/null\nif [ $? != 0 ] ; then\n    # print error to STDERR\n    echo \"error: The sandbox is not in sync with the Podfile.lock. Run 'pod install' or update your CocoaPods installation.\" >&2\n    exit 1\nfi\n# This output is used by Xcode 'outputs' to avoid re-running this script phase.\necho \"SUCCESS\" > \"${SCRIPT_OUTPUT_FILE_0}\"\n";
			showEnvVarsInLog = 0;
		};
		85DCC2E18DC480E15EF4BFB0 /* [CP] Embed Pods Frameworks */ = {
			isa = PBXShellScriptBuildPhase;
			buildActionMask = 2147483647;
			files = (
			);
			inputPaths = (
				"${SRCROOT}/Pods/Target Support Files/Pods-codepath_lab01/Pods-codepath_lab01-frameworks.sh",
				"${BUILT_PRODUCTS_DIR}/Alamofire/Alamofire.framework",
				"${BUILT_PRODUCTS_DIR}/OAuthSwift/OAuthSwift.framework",
				"${BUILT_PRODUCTS_DIR}/OAuthSwiftAlamofire/OAuthSwiftAlamofire.framework",
			);
			name = "[CP] Embed Pods Frameworks";
			outputPaths = (
				"${TARGET_BUILD_DIR}/${FRAMEWORKS_FOLDER_PATH}/Alamofire.framework",
				"${TARGET_BUILD_DIR}/${FRAMEWORKS_FOLDER_PATH}/OAuthSwift.framework",
				"${TARGET_BUILD_DIR}/${FRAMEWORKS_FOLDER_PATH}/OAuthSwiftAlamofire.framework",
			);
			runOnlyForDeploymentPostprocessing = 0;
			shellPath = /bin/sh;
			shellScript = "\"${SRCROOT}/Pods/Target Support Files/Pods-codepath_lab01/Pods-codepath_lab01-frameworks.sh\"\n";
			showEnvVarsInLog = 0;
		};
		8BE1DE8941FA9F8617177363 /* [CP] Copy Pods Resources */ = {
			isa = PBXShellScriptBuildPhase;
			buildActionMask = 2147483647;
			files = (
			);
			inputPaths = (
			);
			name = "[CP] Copy Pods Resources";
			outputPaths = (
			);
			runOnlyForDeploymentPostprocessing = 0;
			shellPath = /bin/sh;
			shellScript = "\"${SRCROOT}/Pods/Target Support Files/Pods-codepath_lab01Tests/Pods-codepath_lab01Tests-resources.sh\"\n";
			showEnvVarsInLog = 0;
		};
		9213554B96ABA9E01CCF8D4F /* [CP] Copy Pods Resources */ = {
			isa = PBXShellScriptBuildPhase;
			buildActionMask = 2147483647;
			files = (
			);
			inputPaths = (
			);
			name = "[CP] Copy Pods Resources";
			outputPaths = (
			);
			runOnlyForDeploymentPostprocessing = 0;
			shellPath = /bin/sh;
			shellScript = "\"${SRCROOT}/Pods/Target Support Files/Pods-codepath_lab01/Pods-codepath_lab01-resources.sh\"\n";
			showEnvVarsInLog = 0;
		};
		96768BA1E1B6BBF63754208C /* [CP] Check Pods Manifest.lock */ = {
			isa = PBXShellScriptBuildPhase;
			buildActionMask = 2147483647;
			files = (
			);
			inputPaths = (
				"${PODS_PODFILE_DIR_PATH}/Podfile.lock",
				"${PODS_ROOT}/Manifest.lock",
			);
			name = "[CP] Check Pods Manifest.lock";
			outputPaths = (
				"$(DERIVED_FILE_DIR)/Pods-codepath_lab01UITests-checkManifestLockResult.txt",
			);
			runOnlyForDeploymentPostprocessing = 0;
			shellPath = /bin/sh;
			shellScript = "diff \"${PODS_PODFILE_DIR_PATH}/Podfile.lock\" \"${PODS_ROOT}/Manifest.lock\" > /dev/null\nif [ $? != 0 ] ; then\n    # print error to STDERR\n    echo \"error: The sandbox is not in sync with the Podfile.lock. Run 'pod install' or update your CocoaPods installation.\" >&2\n    exit 1\nfi\n# This output is used by Xcode 'outputs' to avoid re-running this script phase.\necho \"SUCCESS\" > \"${SCRIPT_OUTPUT_FILE_0}\"\n";
			showEnvVarsInLog = 0;
		};
		B9DB89EC659DE935AD065E8E /* [CP] Embed Pods Frameworks */ = {
			isa = PBXShellScriptBuildPhase;
			buildActionMask = 2147483647;
			files = (
			);
			inputPaths = (
			);
			name = "[CP] Embed Pods Frameworks";
			outputPaths = (
			);
			runOnlyForDeploymentPostprocessing = 0;
			shellPath = /bin/sh;
			shellScript = "\"${SRCROOT}/Pods/Target Support Files/Pods-codepath_lab01UITests/Pods-codepath_lab01UITests-frameworks.sh\"\n";
			showEnvVarsInLog = 0;
		};
		BC66B6FE8A1E853C03E597D3 /* [CP] Copy Pods Resources */ = {
			isa = PBXShellScriptBuildPhase;
			buildActionMask = 2147483647;
			files = (
			);
			inputPaths = (
			);
			name = "[CP] Copy Pods Resources";
			outputPaths = (
			);
			runOnlyForDeploymentPostprocessing = 0;
			shellPath = /bin/sh;
			shellScript = "\"${SRCROOT}/Pods/Target Support Files/Pods-codepath_lab01UITests/Pods-codepath_lab01UITests-resources.sh\"\n";
			showEnvVarsInLog = 0;
		};
		D375133642AD70879F480523 /* [CP] Embed Pods Frameworks */ = {
			isa = PBXShellScriptBuildPhase;
			buildActionMask = 2147483647;
			files = (
			);
			inputPaths = (
			);
			name = "[CP] Embed Pods Frameworks";
			outputPaths = (
			);
			runOnlyForDeploymentPostprocessing = 0;
			shellPath = /bin/sh;
			shellScript = "\"${SRCROOT}/Pods/Target Support Files/Pods-codepath_lab01Tests/Pods-codepath_lab01Tests-frameworks.sh\"\n";
			showEnvVarsInLog = 0;
		};
/* End PBXShellScriptBuildPhase section */

/* Begin PBXSourcesBuildPhase section */
		71659A302022FBD000F14D61 /* Sources */ = {
			isa = PBXSourcesBuildPhase;
			buildActionMask = 2147483647;
			files = (
				71659A3A2022FBD000F14D61 /* ViewController.swift in Sources */,
				71659A382022FBD000F14D61 /* AppDelegate.swift in Sources */,
			);
			runOnlyForDeploymentPostprocessing = 0;
		};
		71659A442022FBD100F14D61 /* Sources */ = {
			isa = PBXSourcesBuildPhase;
			buildActionMask = 2147483647;
			files = (
				71659A4D2022FBD100F14D61 /* codepath_lab01Tests.swift in Sources */,
			);
			runOnlyForDeploymentPostprocessing = 0;
		};
		71659A4F2022FBD100F14D61 /* Sources */ = {
			isa = PBXSourcesBuildPhase;
			buildActionMask = 2147483647;
			files = (
				71659A582022FBD100F14D61 /* codepath_lab01UITests.swift in Sources */,
			);
			runOnlyForDeploymentPostprocessing = 0;
		};
/* End PBXSourcesBuildPhase section */

/* Begin PBXTargetDependency section */
		71659A4A2022FBD100F14D61 /* PBXTargetDependency */ = {
			isa = PBXTargetDependency;
			target = 71659A332022FBD000F14D61 /* codepath_lab01 */;
			targetProxy = 71659A492022FBD100F14D61 /* PBXContainerItemProxy */;
		};
		71659A552022FBD100F14D61 /* PBXTargetDependency */ = {
			isa = PBXTargetDependency;
			target = 71659A332022FBD000F14D61 /* codepath_lab01 */;
			targetProxy = 71659A542022FBD100F14D61 /* PBXContainerItemProxy */;
		};
/* End PBXTargetDependency section */

/* Begin PBXVariantGroup section */
		71659A3B2022FBD000F14D61 /* Main.storyboard */ = {
			isa = PBXVariantGroup;
			children = (
				71659A3C2022FBD000F14D61 /* Base */,
			);
			name = Main.storyboard;
			sourceTree = "<group>";
		};
		71659A402022FBD000F14D61 /* LaunchScreen.storyboard */ = {
			isa = PBXVariantGroup;
			children = (
				71659A412022FBD000F14D61 /* Base */,
			);
			name = LaunchScreen.storyboard;
			sourceTree = "<group>";
		};
/* End PBXVariantGroup section */

/* Begin XCBuildConfiguration section */
		71659A5A2022FBD100F14D61 /* Debug */ = {
			isa = XCBuildConfiguration;
			buildSettings = {
				ALWAYS_SEARCH_USER_PATHS = NO;
				CLANG_ANALYZER_NONNULL = YES;
				CLANG_ANALYZER_NUMBER_OBJECT_CONVERSION = YES_AGGRESSIVE;
				CLANG_CXX_LANGUAGE_STANDARD = "gnu++14";
				CLANG_CXX_LIBRARY = "libc++";
				CLANG_ENABLE_MODULES = YES;
				CLANG_ENABLE_OBJC_ARC = YES;
				CLANG_WARN_BLOCK_CAPTURE_AUTORELEASING = YES;
				CLANG_WARN_BOOL_CONVERSION = YES;
				CLANG_WARN_COMMA = YES;
				CLANG_WARN_CONSTANT_CONVERSION = YES;
				CLANG_WARN_DIRECT_OBJC_ISA_USAGE = YES_ERROR;
				CLANG_WARN_DOCUMENTATION_COMMENTS = YES;
				CLANG_WARN_EMPTY_BODY = YES;
				CLANG_WARN_ENUM_CONVERSION = YES;
				CLANG_WARN_INFINITE_RECURSION = YES;
				CLANG_WARN_INT_CONVERSION = YES;
				CLANG_WARN_NON_LITERAL_NULL_CONVERSION = YES;
				CLANG_WARN_OBJC_LITERAL_CONVERSION = YES;
				CLANG_WARN_OBJC_ROOT_CLASS = YES_ERROR;
				CLANG_WARN_RANGE_LOOP_ANALYSIS = YES;
				CLANG_WARN_STRICT_PROTOTYPES = YES;
				CLANG_WARN_SUSPICIOUS_MOVE = YES;
				CLANG_WARN_UNGUARDED_AVAILABILITY = YES_AGGRESSIVE;
				CLANG_WARN_UNREACHABLE_CODE = YES;
				CLANG_WARN__DUPLICATE_METHOD_MATCH = YES;
				CODE_SIGN_IDENTITY = "iPhone Developer";
				COPY_PHASE_STRIP = NO;
				DEBUG_INFORMATION_FORMAT = dwarf;
				ENABLE_STRICT_OBJC_MSGSEND = YES;
				ENABLE_TESTABILITY = YES;
				GCC_C_LANGUAGE_STANDARD = gnu11;
				GCC_DYNAMIC_NO_PIC = NO;
				GCC_NO_COMMON_BLOCKS = YES;
				GCC_OPTIMIZATION_LEVEL = 0;
				GCC_PREPROCESSOR_DEFINITIONS = (
					"DEBUG=1",
					"$(inherited)",
				);
				GCC_WARN_64_TO_32_BIT_CONVERSION = YES;
				GCC_WARN_ABOUT_RETURN_TYPE = YES_ERROR;
				GCC_WARN_UNDECLARED_SELECTOR = YES;
				GCC_WARN_UNINITIALIZED_AUTOS = YES_AGGRESSIVE;
				GCC_WARN_UNUSED_FUNCTION = YES;
				GCC_WARN_UNUSED_VARIABLE = YES;
				IPHONEOS_DEPLOYMENT_TARGET = 11.0;
				MTL_ENABLE_DEBUG_INFO = YES;
				ONLY_ACTIVE_ARCH = YES;
				SDKROOT = iphoneos;
				SWIFT_ACTIVE_COMPILATION_CONDITIONS = DEBUG;
				SWIFT_OPTIMIZATION_LEVEL = "-Onone";
			};
			name = Debug;
		};
		71659A5B2022FBD100F14D61 /* Release */ = {
			isa = XCBuildConfiguration;
			buildSettings = {
				ALWAYS_SEARCH_USER_PATHS = NO;
				CLANG_ANALYZER_NONNULL = YES;
				CLANG_ANALYZER_NUMBER_OBJECT_CONVERSION = YES_AGGRESSIVE;
				CLANG_CXX_LANGUAGE_STANDARD = "gnu++14";
				CLANG_CXX_LIBRARY = "libc++";
				CLANG_ENABLE_MODULES = YES;
				CLANG_ENABLE_OBJC_ARC = YES;
				CLANG_WARN_BLOCK_CAPTURE_AUTORELEASING = YES;
				CLANG_WARN_BOOL_CONVERSION = YES;
				CLANG_WARN_COMMA = YES;
				CLANG_WARN_CONSTANT_CONVERSION = YES;
				CLANG_WARN_DIRECT_OBJC_ISA_USAGE = YES_ERROR;
				CLANG_WARN_DOCUMENTATION_COMMENTS = YES;
				CLANG_WARN_EMPTY_BODY = YES;
				CLANG_WARN_ENUM_CONVERSION = YES;
				CLANG_WARN_INFINITE_RECURSION = YES;
				CLANG_WARN_INT_CONVERSION = YES;
				CLANG_WARN_NON_LITERAL_NULL_CONVERSION = YES;
				CLANG_WARN_OBJC_LITERAL_CONVERSION = YES;
				CLANG_WARN_OBJC_ROOT_CLASS = YES_ERROR;
				CLANG_WARN_RANGE_LOOP_ANALYSIS = YES;
				CLANG_WARN_STRICT_PROTOTYPES = YES;
				CLANG_WARN_SUSPICIOUS_MOVE = YES;
				CLANG_WARN_UNGUARDED_AVAILABILITY = YES_AGGRESSIVE;
				CLANG_WARN_UNREACHABLE_CODE = YES;
				CLANG_WARN__DUPLICATE_METHOD_MATCH = YES;
				CODE_SIGN_IDENTITY = "iPhone Developer";
				COPY_PHASE_STRIP = NO;
				DEBUG_INFORMATION_FORMAT = "dwarf-with-dsym";
				ENABLE_NS_ASSERTIONS = NO;
				ENABLE_STRICT_OBJC_MSGSEND = YES;
				GCC_C_LANGUAGE_STANDARD = gnu11;
				GCC_NO_COMMON_BLOCKS = YES;
				GCC_WARN_64_TO_32_BIT_CONVERSION = YES;
				GCC_WARN_ABOUT_RETURN_TYPE = YES_ERROR;
				GCC_WARN_UNDECLARED_SELECTOR = YES;
				GCC_WARN_UNINITIALIZED_AUTOS = YES_AGGRESSIVE;
				GCC_WARN_UNUSED_FUNCTION = YES;
				GCC_WARN_UNUSED_VARIABLE = YES;
				IPHONEOS_DEPLOYMENT_TARGET = 11.0;
				MTL_ENABLE_DEBUG_INFO = NO;
				SDKROOT = iphoneos;
				SWIFT_OPTIMIZATION_LEVEL = "-Owholemodule";
				VALIDATE_PRODUCT = YES;
			};
			name = Release;
		};
		71659A5D2022FBD100F14D61 /* Debug */ = {
			isa = XCBuildConfiguration;
			baseConfigurationReference = 9BA7CC1ACDE925F0810B56A9 /* Pods-codepath_lab01.debug.xcconfig */;
			buildSettings = {
				ASSETCATALOG_COMPILER_APPICON_NAME = AppIcon;
				CODE_SIGN_STYLE = Automatic;
				INFOPLIST_FILE = codepath_lab01/Info.plist;
				LD_RUNPATH_SEARCH_PATHS = "$(inherited) @executable_path/Frameworks";
				PRODUCT_BUNDLE_IDENTIFIER = "ZhengHao.codepath-lab01";
				PRODUCT_NAME = "$(TARGET_NAME)";
				SWIFT_VERSION = 4.0;
				TARGETED_DEVICE_FAMILY = "1,2";
			};
			name = Debug;
		};
		71659A5E2022FBD100F14D61 /* Release */ = {
			isa = XCBuildConfiguration;
			baseConfigurationReference = 7E936B77B96BF78D59DFFEA9 /* Pods-codepath_lab01.release.xcconfig */;
			buildSettings = {
				ASSETCATALOG_COMPILER_APPICON_NAME = AppIcon;
				CODE_SIGN_STYLE = Automatic;
				INFOPLIST_FILE = codepath_lab01/Info.plist;
				LD_RUNPATH_SEARCH_PATHS = "$(inherited) @executable_path/Frameworks";
				PRODUCT_BUNDLE_IDENTIFIER = "ZhengHao.codepath-lab01";
				PRODUCT_NAME = "$(TARGET_NAME)";
				SWIFT_VERSION = 4.0;
				TARGETED_DEVICE_FAMILY = "1,2";
			};
			name = Release;
		};
		71659A602022FBD100F14D61 /* Debug */ = {
			isa = XCBuildConfiguration;
			baseConfigurationReference = 539F1DF7AD4A15740F1C2446 /* Pods-codepath_lab01Tests.debug.xcconfig */;
			buildSettings = {
				ALWAYS_EMBED_SWIFT_STANDARD_LIBRARIES = YES;
				BUNDLE_LOADER = "$(TEST_HOST)";
				CODE_SIGN_STYLE = Automatic;
				INFOPLIST_FILE = codepath_lab01Tests/Info.plist;
				LD_RUNPATH_SEARCH_PATHS = "$(inherited) @executable_path/Frameworks @loader_path/Frameworks";
				PRODUCT_BUNDLE_IDENTIFIER = "ZhengHao.codepath-lab01Tests";
				PRODUCT_NAME = "$(TARGET_NAME)";
				SWIFT_VERSION = 4.0;
				TARGETED_DEVICE_FAMILY = "1,2";
				TEST_HOST = "$(BUILT_PRODUCTS_DIR)/codepath_lab01.app/codepath_lab01";
			};
			name = Debug;
		};
		71659A612022FBD100F14D61 /* Release */ = {
			isa = XCBuildConfiguration;
			baseConfigurationReference = 30C1BD7B8ED9DC31A34A4730 /* Pods-codepath_lab01Tests.release.xcconfig */;
			buildSettings = {
				ALWAYS_EMBED_SWIFT_STANDARD_LIBRARIES = YES;
				BUNDLE_LOADER = "$(TEST_HOST)";
				CODE_SIGN_STYLE = Automatic;
				INFOPLIST_FILE = codepath_lab01Tests/Info.plist;
				LD_RUNPATH_SEARCH_PATHS = "$(inherited) @executable_path/Frameworks @loader_path/Frameworks";
				PRODUCT_BUNDLE_IDENTIFIER = "ZhengHao.codepath-lab01Tests";
				PRODUCT_NAME = "$(TARGET_NAME)";
				SWIFT_VERSION = 4.0;
				TARGETED_DEVICE_FAMILY = "1,2";
				TEST_HOST = "$(BUILT_PRODUCTS_DIR)/codepath_lab01.app/codepath_lab01";
			};
			name = Release;
		};
		71659A632022FBD100F14D61 /* Debug */ = {
			isa = XCBuildConfiguration;
			baseConfigurationReference = 5EBEFF8B91C9ACD2AA99B6EF /* Pods-codepath_lab01UITests.debug.xcconfig */;
			buildSettings = {
				ALWAYS_EMBED_SWIFT_STANDARD_LIBRARIES = YES;
				CODE_SIGN_STYLE = Automatic;
				INFOPLIST_FILE = codepath_lab01UITests/Info.plist;
				LD_RUNPATH_SEARCH_PATHS = "$(inherited) @executable_path/Frameworks @loader_path/Frameworks";
				PRODUCT_BUNDLE_IDENTIFIER = "ZhengHao.codepath-lab01UITests";
				PRODUCT_NAME = "$(TARGET_NAME)";
				SWIFT_VERSION = 4.0;
				TARGETED_DEVICE_FAMILY = "1,2";
				TEST_TARGET_NAME = codepath_lab01;
			};
			name = Debug;
		};
		71659A642022FBD100F14D61 /* Release */ = {
			isa = XCBuildConfiguration;
			baseConfigurationReference = F07DF594DED063A6A5607DA2 /* Pods-codepath_lab01UITests.release.xcconfig */;
			buildSettings = {
				ALWAYS_EMBED_SWIFT_STANDARD_LIBRARIES = YES;
				CODE_SIGN_STYLE = Automatic;
				INFOPLIST_FILE = codepath_lab01UITests/Info.plist;
				LD_RUNPATH_SEARCH_PATHS = "$(inherited) @executable_path/Frameworks @loader_path/Frameworks";
				PRODUCT_BUNDLE_IDENTIFIER = "ZhengHao.codepath-lab01UITests";
				PRODUCT_NAME = "$(TARGET_NAME)";
				SWIFT_VERSION = 4.0;
				TARGETED_DEVICE_FAMILY = "1,2";
				TEST_TARGET_NAME = codepath_lab01;
			};
			name = Release;
		};
/* End XCBuildConfiguration section */

/* Begin XCConfigurationList section */
		71659A2F2022FBD000F14D61 /* Build configuration list for PBXProject "codepath_lab01" */ = {
			isa = XCConfigurationList;
			buildConfigurations = (
				71659A5A2022FBD100F14D61 /* Debug */,
				71659A5B2022FBD100F14D61 /* Release */,
			);
			defaultConfigurationIsVisible = 0;
			defaultConfigurationName = Release;
		};
		71659A5C2022FBD100F14D61 /* Build configuration list for PBXNativeTarget "codepath_lab01" */ = {
			isa = XCConfigurationList;
			buildConfigurations = (
				71659A5D2022FBD100F14D61 /* Debug */,
				71659A5E2022FBD100F14D61 /* Release */,
			);
			defaultConfigurationIsVisible = 0;
			defaultConfigurationName = Release;
		};
		71659A5F2022FBD100F14D61 /* Build configuration list for PBXNativeTarget "codepath_lab01Tests" */ = {
			isa = XCConfigurationList;
			buildConfigurations = (
				71659A602022FBD100F14D61 /* Debug */,
				71659A612022FBD100F14D61 /* Release */,
			);
			defaultConfigurationIsVisible = 0;
			defaultConfigurationName = Release;
		};
		71659A622022FBD100F14D61 /* Build configuration list for PBXNativeTarget "codepath_lab01UITests" */ = {
			isa = XCConfigurationList;
			buildConfigurations = (
				71659A632022FBD100F14D61 /* Debug */,
				71659A642022FBD100F14D61 /* Release */,
			);
			defaultConfigurationIsVisible = 0;
			defaultConfigurationName = Release;
		};
/* End XCConfigurationList section */
	};
	rootObject = 71659A2C2022FBD000F14D61 /* Project object */;
}
